
Microsoft Visual Studio Solution File, Format Version 12.00
# Visual Studio 15
VisualStudioVersion = 15.0.28010.2026
MinimumVisualStudioVersion = 10.0.40219.1
Project("{FAE04EC0-301F-11D3-BF4B-00C04F79EFBC}") = "Prova1.Android", "Prova1\Prova1.Android\Prova1.Android.csproj", "{E46A81F8-8B27-4F22-AC28-7347026E4946}"
EndProject
Project("{FAE04EC0-301F-11D3-BF4B-00C04F79EFBC}") = "Prova1.iOS", "Prova1\Prova1.iOS\Prova1.iOS.csproj", "{BD7A6245-2BA1-437F-AA03-019498AB934D}"
EndProject
Project("{FAE04EC0-301F-11D3-BF4B-00C04F79EFBC}") = "Prova1.UWP", "Prova1\Prova1.UWP\Prova1.UWP.csproj", "{7801D882-365B-4038-914B-6E55661E6E9D}"
EndProject
Project("{FAE04EC0-301F-11D3-BF4B-00C04F79EFBC}") = "Prova1", "Prova1\Prova1\Prova1.csproj", "{E586EC1A-7E63-466F-8205-5D612090788C}"
EndProject
Global
	GlobalSection(SolutionConfigurationPlatforms) = preSolution
		Ad-Hoc|Any CPU = Ad-Hoc|Any CPU
		Ad-Hoc|ARM = Ad-Hoc|ARM
		Ad-Hoc|iPhone = Ad-Hoc|iPhone
		Ad-Hoc|iPhoneSimulator = Ad-Hoc|iPhoneSimulator
		Ad-Hoc|x64 = Ad-Hoc|x64
		Ad-Hoc|x86 = Ad-Hoc|x86
		AppStore|Any CPU = AppStore|Any CPU
		AppStore|ARM = AppStore|ARM
		AppStore|iPhone = AppStore|iPhone
		AppStore|iPhoneSimulator = AppStore|iPhoneSimulator
		AppStore|x64 = AppStore|x64
		AppStore|x86 = AppStore|x86
		Debug|Any CPU = Debug|Any CPU
		Debug|ARM = Debug|ARM
		Debug|iPhone = Debug|iPhone
		Debug|iPhoneSimulator = Debug|iPhoneSimulator
		Debug|x64 = Debug|x64
		Debug|x86 = Debug|x86
		Release|Any CPU = Release|Any CPU
		Release|ARM = Release|ARM
		Release|iPhone = Release|iPhone
		Release|iPhoneSimulator = Release|iPhoneSimulator
		Release|x64 = Release|x64
		Release|x86 = Release|x86
	EndGlobalSection
	GlobalSection(ProjectConfigurationPlatforms) = postSolution
		{E46A81F8-8B27-4F22-AC28-7347026E4946}.Ad-Hoc|Any CPU.ActiveCfg = Release|Any CPU
		{E46A81F8-8B27-4F22-AC28-7347026E4946}.Ad-Hoc|Any CPU.Build.0 = Release|Any CPU
		{E46A81F8-8B27-4F22-AC28-7347026E4946}.Ad-Hoc|Any CPU.Deploy.0 = Release|Any CPU
		{E46A81F8-8B27-4F22-AC28-7347026E4946}.Ad-Hoc|ARM.ActiveCfg = Release|Any CPU
		{E46A81F8-8B27-4F22-AC28-7347026E4946}.Ad-Hoc|ARM.Build.0 = Release|Any CPU
		{E46A81F8-8B27-4F22-AC28-7347026E4946}.Ad-Hoc|ARM.Deploy.0 = Release|Any CPU
		{E46A81F8-8B27-4F22-AC28-7347026E4946}.Ad-Hoc|iPhone.ActiveCfg = Release|Any CPU
		{E46A81F8-8B27-4F22-AC28-7347026E4946}.Ad-Hoc|iPhone.Build.0 = Release|Any CPU
		{E46A81F8-8B27-4F22-AC28-7347026E4946}.Ad-Hoc|iPhone.Deploy.0 = Release|Any CPU
		{E46A81F8-8B27-4F22-AC28-7347026E4946}.Ad-Hoc|iPhoneSimulator.ActiveCfg = Release|Any CPU
		{E46A81F8-8B27-4F22-AC28-7347026E4946}.Ad-Hoc|iPhoneSimulator.Build.0 = Release|Any CPU
		{E46A81F8-8B27-4F22-AC28-7347026E4946}.Ad-Hoc|iPhoneSimulator.Deploy.0 = Release|Any CPU
		{E46A81F8-8B27-4F22-AC28-7347026E4946}.Ad-Hoc|x64.ActiveCfg = Release|Any CPU
		{E46A81F8-8B27-4F22-AC28-7347026E4946}.Ad-Hoc|x64.Build.0 = Release|Any CPU
		{E46A81F8-8B27-4F22-AC28-7347026E4946}.Ad-Hoc|x64.Deploy.0 = Release|Any CPU
		{E46A81F8-8B27-4F22-AC28-7347026E4946}.Ad-Hoc|x86.ActiveCfg = Release|Any CPU
		{E46A81F8-8B27-4F22-AC28-7347026E4946}.Ad-Hoc|x86.Build.0 = Release|Any CPU
		{E46A81F8-8B27-4F22-AC28-7347026E4946}.Ad-Hoc|x86.Deploy.0 = Release|Any CPU
		{E46A81F8-8B27-4F22-AC28-7347026E4946}.AppStore|Any CPU.ActiveCfg = Release|Any CPU
		{E46A81F8-8B27-4F22-AC28-7347026E4946}.AppStore|Any CPU.Build.0 = Release|Any CPU
		{E46A81F8-8B27-4F22-AC28-7347026E4946}.AppStore|Any CPU.Deploy.0 = Release|Any CPU
		{E46A81F8-8B27-4F22-AC28-7347026E4946}.AppStore|ARM.ActiveCfg = Release|Any CPU
		{E46A81F8-8B27-4F22-AC28-7347026E4946}.AppStore|ARM.Build.0 = Release|Any CPU
		{E46A81F8-8B27-4F22-AC28-7347026E4946}.AppStore|ARM.Deploy.0 = Release|Any CPU
		{E46A81F8-8B27-4F22-AC28-7347026E4946}.AppStore|iPhone.ActiveCfg = Release|Any CPU
		{E46A81F8-8B27-4F22-AC28-7347026E4946}.AppStore|iPhone.Build.0 = Release|Any CPU
		{E46A81F8-8B27-4F22-AC28-7347026E4946}.AppStore|iPhone.Deploy.0 = Release|Any CPU
		{E46A81F8-8B27-4F22-AC28-7347026E4946}.AppStore|iPhoneSimulator.ActiveCfg = Release|Any CPU
		{E46A81F8-8B27-4F22-AC28-7347026E4946}.AppStore|iPhoneSimulator.Build.0 = Release|Any CPU
		{E46A81F8-8B27-4F22-AC28-7347026E4946}.AppStore|iPhoneSimulator.Deploy.0 = Release|Any CPU
		{E46A81F8-8B27-4F22-AC28-7347026E4946}.AppStore|x64.ActiveCfg = Release|Any CPU
		{E46A81F8-8B27-4F22-AC28-7347026E4946}.AppStore|x64.Build.0 = Release|Any CPU
		{E46A81F8-8B27-4F22-AC28-7347026E4946}.AppStore|x64.Deploy.0 = Release|Any CPU
		{E46A81F8-8B27-4F22-AC28-7347026E4946}.AppStore|x86.ActiveCfg = Release|Any CPU
		{E46A81F8-8B27-4F22-AC28-7347026E4946}.AppStore|x86.Build.0 = Release|Any CPU
		{E46A81F8-8B27-4F22-AC28-7347026E4946}.AppStore|x86.Deploy.0 = Release|Any CPU
		{E46A81F8-8B27-4F22-AC28-7347026E4946}.Debug|Any CPU.ActiveCfg = Debug|Any CPU
		{E46A81F8-8B27-4F22-AC28-7347026E4946}.Debug|Any CPU.Build.0 = Debug|Any CPU
		{E46A81F8-8B27-4F22-AC28-7347026E4946}.Debug|Any CPU.Deploy.0 = Debug|Any CPU
		{E46A81F8-8B27-4F22-AC28-7347026E4946}.Debug|ARM.ActiveCfg = Debug|Any CPU
		{E46A81F8-8B27-4F22-AC28-7347026E4946}.Debug|ARM.Build.0 = Debug|Any CPU
		{E46A81F8-8B27-4F22-AC28-7347026E4946}.Debug|ARM.Deploy.0 = Debug|Any CPU
		{E46A81F8-8B27-4F22-AC28-7347026E4946}.Debug|iPhone.ActiveCfg = Debug|Any CPU
		{E46A81F8-8B27-4F22-AC28-7347026E4946}.Debug|iPhone.Build.0 = Debug|Any CPU
		{E46A81F8-8B27-4F22-AC28-7347026E4946}.Debug|iPhone.Deploy.0 = Debug|Any CPU
		{E46A81F8-8B27-4F22-AC28-7347026E4946}.Debug|iPhoneSimulator.ActiveCfg = Debug|Any CPU
		{E46A81F8-8B27-4F22-AC28-7347026E4946}.Debug|iPhoneSimulator.Build.0 = Debug|Any CPU
		{E46A81F8-8B27-4F22-AC28-7347026E4946}.Debug|iPhoneSimulator.Deploy.0 = Debug|Any CPU
		{E46A81F8-8B27-4F22-AC28-7347026E4946}.Debug|x64.ActiveCfg = Debug|Any CPU
		{E46A81F8-8B27-4F22-AC28-7347026E4946}.Debug|x64.Build.0 = Debug|Any CPU
		{E46A81F8-8B27-4F22-AC28-7347026E4946}.Debug|x64.Deploy.0 = Debug|Any CPU
		{E46A81F8-8B27-4F22-AC28-7347026E4946}.Debug|x86.ActiveCfg = Debug|Any CPU
		{E46A81F8-8B27-4F22-AC28-7347026E4946}.Debug|x86.Build.0 = Debug|Any CPU
		{E46A81F8-8B27-4F22-AC28-7347026E4946}.Debug|x86.Deploy.0 = Debug|Any CPU
		{E46A81F8-8B27-4F22-AC28-7347026E4946}.Release|Any CPU.ActiveCfg = Release|Any CPU
		{E46A81F8-8B27-4F22-AC28-7347026E4946}.Release|Any CPU.Build.0 = Release|Any CPU
		{E46A81F8-8B27-4F22-AC28-7347026E4946}.Release|Any CPU.Deploy.0 = Release|Any CPU
		{E46A81F8-8B27-4F22-AC28-7347026E4946}.Release|ARM.ActiveCfg = Release|Any CPU
		{E46A81F8-8B27-4F22-AC28-7347026E4946}.Release|ARM.Build.0 = Release|Any CPU
		{E46A81F8-8B27-4F22-AC28-7347026E4946}.Release|ARM.Deploy.0 = Release|Any CPU
		{E46A81F8-8B27-4F22-AC28-7347026E4946}.Release|iPhone.ActiveCfg = Release|Any CPU
		{E46A81F8-8B27-4F22-AC28-7347026E4946}.Release|iPhone.Build.0 = Release|Any CPU
		{E46A81F8-8B27-4F22-AC28-7347026E4946}.Release|iPhone.Deploy.0 = Release|Any CPU
		{E46A81F8-8B27-4F22-AC28-7347026E4946}.Release|iPhoneSimulator.ActiveCfg = Release|Any CPU
		{E46A81F8-8B27-4F22-AC28-7347026E4946}.Release|iPhoneSimulator.Build.0 = Release|Any CPU
		{E46A81F8-8B27-4F22-AC28-7347026E4946}.Release|iPhoneSimulator.Deploy.0 = Release|Any CPU
		{E46A81F8-8B27-4F22-AC28-7347026E4946}.Release|x64.ActiveCfg = Release|Any CPU
		{E46A81F8-8B27-4F22-AC28-7347026E4946}.Release|x64.Build.0 = Release|Any CPU
		{E46A81F8-8B27-4F22-AC28-7347026E4946}.Release|x64.Deploy.0 = Release|Any CPU
		{E46A81F8-8B27-4F22-AC28-7347026E4946}.Release|x86.ActiveCfg = Release|Any CPU
		{E46A81F8-8B27-4F22-AC28-7347026E4946}.Release|x86.Build.0 = Release|Any CPU
		{E46A81F8-8B27-4F22-AC28-7347026E4946}.Release|x86.Deploy.0 = Release|Any CPU
		{BD7A6245-2BA1-437F-AA03-019498AB934D}.Ad-Hoc|Any CPU.ActiveCfg = Ad-Hoc|iPhone
		{BD7A6245-2BA1-437F-AA03-019498AB934D}.Ad-Hoc|Any CPU.Build.0 = Ad-Hoc|iPhone
		{BD7A6245-2BA1-437F-AA03-019498AB934D}.Ad-Hoc|Any CPU.Deploy.0 = Ad-Hoc|iPhone
		{BD7A6245-2BA1-437F-AA03-019498AB934D}.Ad-Hoc|ARM.ActiveCfg = Ad-Hoc|iPhone
		{BD7A6245-2BA1-437F-AA03-019498AB934D}.Ad-Hoc|ARM.Build.0 = Ad-Hoc|iPhone
		{BD7A6245-2BA1-437F-AA03-019498AB934D}.Ad-Hoc|ARM.Deploy.0 = Ad-Hoc|iPhone
		{BD7A6245-2BA1-437F-AA03-019498AB934D}.Ad-Hoc|iPhone.ActiveCfg = Ad-Hoc|iPhone
		{BD7A6245-2BA1-437F-AA03-019498AB934D}.Ad-Hoc|iPhone.Build.0 = Ad-Hoc|iPhone
		{BD7A6245-2BA1-437F-AA03-019498AB934D}.Ad-Hoc|iPhone.Deploy.0 = Ad-Hoc|iPhone
		{BD7A6245-2BA1-437F-AA03-019498AB934D}.Ad-Hoc|iPhoneSimulator.ActiveCfg = Ad-Hoc|iPhoneSimulator
		{BD7A6245-2BA1-437F-AA03-019498AB934D}.Ad-Hoc|iPhoneSimulator.Build.0 = Ad-Hoc|iPhoneSimulator
		{BD7A6245-2BA1-437F-AA03-019498AB934D}.Ad-Hoc|iPhoneSimulator.Deploy.0 = Ad-Hoc|iPhoneSimulator
		{BD7A6245-2BA1-437F-AA03-019498AB934D}.Ad-Hoc|x64.ActiveCfg = Ad-Hoc|iPhone
		{BD7A6245-2BA1-437F-AA03-019498AB934D}.Ad-Hoc|x64.Build.0 = Ad-Hoc|iPhone
		{BD7A6245-2BA1-437F-AA03-019498AB934D}.Ad-Hoc|x64.Deploy.0 = Ad-Hoc|iPhone
		{BD7A6245-2BA1-437F-AA03-019498AB934D}.Ad-Hoc|x86.ActiveCfg = Ad-Hoc|iPhone
		{BD7A6245-2BA1-437F-AA03-019498AB934D}.Ad-Hoc|x86.Build.0 = Ad-Hoc|iPhone
		{BD7A6245-2BA1-437F-AA03-019498AB934D}.Ad-Hoc|x86.Deploy.0 = Ad-Hoc|iPhone
		{BD7A6245-2BA1-437F-AA03-019498AB934D}.AppStore|Any CPU.ActiveCfg = AppStore|iPhone
		{BD7A6245-2BA1-437F-AA03-019498AB934D}.AppStore|Any CPU.Build.0 = AppStore|iPhone
		{BD7A6245-2BA1-437F-AA03-019498AB934D}.AppStore|Any CPU.Deploy.0 = AppStore|iPhone
		{BD7A6245-2BA1-437F-AA03-019498AB934D}.AppStore|ARM.ActiveCfg = AppStore|iPhone
		{BD7A6245-2BA1-437F-AA03-019498AB934D}.AppStore|ARM.Build.0 = AppStore|iPhone
		{BD7A6245-2BA1-437F-AA03-019498AB934D}.AppStore|ARM.Deploy.0 = AppStore|iPhone
		{BD7A6245-2BA1-437F-AA03-019498AB934D}.AppStore|iPhone.ActiveCfg = AppStore|iPhone
		{BD7A6245-2BA1-437F-AA03-019498AB934D}.AppStore|iPhone.Build.0 = AppStore|iPhone
		{BD7A6245-2BA1-437F-AA03-019498AB934D}.AppStore|iPhone.Deploy.0 = AppStore|iPhone
		{BD7A6245-2BA1-437F-AA03-019498AB934D}.AppStore|iPhoneSimulator.ActiveCfg = AppStore|iPhoneSimulator
		{BD7A6245-2BA1-437F-AA03-019498AB934D}.AppStore|iPhoneSimulator.Build.0 = AppStore|iPhoneSimulator
		{BD7A6245-2BA1-437F-AA03-019498AB934D}.AppStore|iPhoneSimulator.Deploy.0 = AppStore|iPhoneSimulator
		{BD7A6245-2BA1-437F-AA03-019498AB934D}.AppStore|x64.ActiveCfg = AppStore|iPhone
		{BD7A6245-2BA1-437F-AA03-019498AB934D}.AppStore|x64.Build.0 = AppStore|iPhone
		{BD7A6245-2BA1-437F-AA03-019498AB934D}.AppStore|x64.Deploy.0 = AppStore|iPhone
		{BD7A6245-2BA1-437F-AA03-019498AB934D}.AppStore|x86.ActiveCfg = AppStore|iPhone
		{BD7A6245-2BA1-437F-AA03-019498AB934D}.AppStore|x86.Build.0 = AppStore|iPhone
		{BD7A6245-2BA1-437F-AA03-019498AB934D}.AppStore|x86.Deploy.0 = AppStore|iPhone
		{BD7A6245-2BA1-437F-AA03-019498AB934D}.Debug|Any CPU.ActiveCfg = Debug|iPhoneSimulator
		{BD7A6245-2BA1-437F-AA03-019498AB934D}.Debug|Any CPU.Build.0 = Debug|iPhoneSimulator
		{BD7A6245-2BA1-437F-AA03-019498AB934D}.Debug|Any CPU.Deploy.0 = Debug|iPhoneSimulator
		{BD7A6245-2BA1-437F-AA03-019498AB934D}.Debug|ARM.ActiveCfg = Debug|iPhone
		{BD7A6245-2BA1-437F-AA03-019498AB934D}.Debug|ARM.Build.0 = Debug|iPhone
		{BD7A6245-2BA1-437F-AA03-019498AB934D}.Debug|ARM.Deploy.0 = Debug|iPhone
		{BD7A6245-2BA1-437F-AA03-019498AB934D}.Debug|iPhone.ActiveCfg = Debug|iPhone
		{BD7A6245-2BA1-437F-AA03-019498AB934D}.Debug|iPhone.Build.0 = Debug|iPhone
		{BD7A6245-2BA1-437F-AA03-019498AB934D}.Debug|iPhone.Deploy.0 = Debug|iPhone
		{BD7A6245-2BA1-437F-AA03-019498AB934D}.Debug|iPhoneSimulator.ActiveCfg = Debug|iPhoneSimulator
		{BD7A6245-2BA1-437F-AA03-019498AB934D}.Debug|iPhoneSimulator.Build.0 = Debug|iPhoneSimulator
		{BD7A6245-2BA1-437F-AA03-019498AB934D}.Debug|iPhoneSimulator.Deploy.0 = Debug|iPhoneSimulator
		{BD7A6245-2BA1-437F-AA03-019498AB934D}.Debug|x64.ActiveCfg = Debug|iPhone
		{BD7A6245-2BA1-437F-AA03-019498AB934D}.Debug|x64.Build.0 = Debug|iPhone
		{BD7A6245-2BA1-437F-AA03-019498AB934D}.Debug|x64.Deploy.0 = Debug|iPhone
		{BD7A6245-2BA1-437F-AA03-019498AB934D}.Debug|x86.ActiveCfg = Debug|iPhone
		{BD7A6245-2BA1-437F-AA03-019498AB934D}.Debug|x86.Build.0 = Debug|iPhone
		{BD7A6245-2BA1-437F-AA03-019498AB934D}.Debug|x86.Deploy.0 = Debug|iPhone
		{BD7A6245-2BA1-437F-AA03-019498AB934D}.Release|Any CPU.ActiveCfg = Release|iPhone
		{BD7A6245-2BA1-437F-AA03-019498AB934D}.Release|Any CPU.Build.0 = Release|iPhone
		{BD7A6245-2BA1-437F-AA03-019498AB934D}.Release|Any CPU.Deploy.0 = Release|iPhone
		{BD7A6245-2BA1-437F-AA03-019498AB934D}.Release|ARM.ActiveCfg = Release|iPhone
		{BD7A6245-2BA1-437F-AA03-019498AB934D}.Release|ARM.Build.0 = Release|iPhone
		{BD7A6245-2BA1-437F-AA03-019498AB934D}.Release|ARM.Deploy.0 = Release|iPhone
		{BD7A6245-2BA1-437F-AA03-019498AB934D}.Release|iPhone.ActiveCfg = Release|iPhone
		{BD7A6245-2BA1-437F-AA03-019498AB934D}.Release|iPhone.Build.0 = Release|iPhone
		{BD7A6245-2BA1-437F-AA03-019498AB934D}.Release|iPhone.Deploy.0 = Release|iPhone
		{BD7A6245-2BA1-437F-AA03-019498AB934D}.Release|iPhoneSimulator.ActiveCfg = Release|iPhoneSimulator
		{BD7A6245-2BA1-437F-AA03-019498AB934D}.Release|iPhoneSimulator.Build.0 = Release|iPhoneSimulator
		{BD7A6245-2BA1-437F-AA03-019498AB934D}.Release|iPhoneSimulator.Deploy.0 = Release|iPhoneSimulator
		{BD7A6245-2BA1-437F-AA03-019498AB934D}.Release|x64.ActiveCfg = Release|iPhone
		{BD7A6245-2BA1-437F-AA03-019498AB934D}.Release|x64.Build.0 = Release|iPhone
		{BD7A6245-2BA1-437F-AA03-019498AB934D}.Release|x64.Deploy.0 = Release|iPhone
		{BD7A6245-2BA1-437F-AA03-019498AB934D}.Release|x86.ActiveCfg = Release|iPhone
		{BD7A6245-2BA1-437F-AA03-019498AB934D}.Release|x86.Build.0 = Release|iPhone
		{BD7A6245-2BA1-437F-AA03-019498AB934D}.Release|x86.Deploy.0 = Release|iPhone
		{7801D882-365B-4038-914B-6E55661E6E9D}.Ad-Hoc|Any CPU.ActiveCfg = Release|x86
		{7801D882-365B-4038-914B-6E55661E6E9D}.Ad-Hoc|Any CPU.Build.0 = Release|x86
		{7801D882-365B-4038-914B-6E55661E6E9D}.Ad-Hoc|Any CPU.Deploy.0 = Release|x86
		{7801D882-365B-4038-914B-6E55661E6E9D}.Ad-Hoc|ARM.ActiveCfg = Release|ARM
		{7801D882-365B-4038-914B-6E55661E6E9D}.Ad-Hoc|ARM.Build.0 = Release|ARM
		{7801D882-365B-4038-914B-6E55661E6E9D}.Ad-Hoc|ARM.Deploy.0 = Release|ARM
		{7801D882-365B-4038-914B-6E55661E6E9D}.Ad-Hoc|iPhone.ActiveCfg = Release|x86
		{7801D882-365B-4038-914B-6E55661E6E9D}.Ad-Hoc|iPhone.Build.0 = Release|x86
		{7801D882-365B-4038-914B-6E55661E6E9D}.Ad-Hoc|iPhone.Deploy.0 = Release|x86
		{7801D882-365B-4038-914B-6E55661E6E9D}.Ad-Hoc|iPhoneSimulator.ActiveCfg = Release|x86
		{7801D882-365B-4038-914B-6E55661E6E9D}.Ad-Hoc|iPhoneSimulator.Build.0 = Release|x86
		{7801D882-365B-4038-914B-6E55661E6E9D}.Ad-Hoc|iPhoneSimulator.Deploy.0 = Release|x86
		{7801D882-365B-4038-914B-6E55661E6E9D}.Ad-Hoc|x64.ActiveCfg = Release|x64
		{7801D882-365B-4038-914B-6E55661E6E9D}.Ad-Hoc|x64.Build.0 = Release|x64
		{7801D882-365B-4038-914B-6E55661E6E9D}.Ad-Hoc|x64.Deploy.0 = Release|x64
		{7801D882-365B-4038-914B-6E55661E6E9D}.Ad-Hoc|x86.ActiveCfg = Release|x86
		{7801D882-365B-4038-914B-6E55661E6E9D}.Ad-Hoc|x86.Build.0 = Release|x86
		{7801D882-365B-4038-914B-6E55661E6E9D}.Ad-Hoc|x86.Deploy.0 = Release|x86
		{7801D882-365B-4038-914B-6E55661E6E9D}.AppStore|Any CPU.ActiveCfg = Release|x86
		{7801D882-365B-4038-914B-6E55661E6E9D}.AppStore|Any CPU.Build.0 = Release|x86
		{7801D882-365B-4038-914B-6E55661E6E9D}.AppStore|Any CPU.Deploy.0 = Release|x86
		{7801D882-365B-4038-914B-6E55661E6E9D}.AppStore|ARM.ActiveCfg = Release|ARM
		{7801D882-365B-4038-914B-6E55661E6E9D}.AppStore|ARM.Build.0 = Release|ARM
		{7801D882-365B-4038-914B-6E55661E6E9D}.AppStore|ARM.Deploy.0 = Release|ARM
		{7801D882-365B-4038-914B-6E55661E6E9D}.AppStore|iPhone.ActiveCfg = Release|x86
		{7801D882-365B-4038-914B-6E55661E6E9D}.AppStore|iPhone.Build.0 = Release|x86
		{7801D882-365B-4038-914B-6E55661E6E9D}.AppStore|iPhone.Deploy.0 = Release|x86
		{7801D882-365B-4038-914B-6E55661E6E9D}.AppStore|iPhoneSimulator.ActiveCfg = Release|x86
		{7801D882-365B-4038-914B-6E55661E6E9D}.AppStore|iPhoneSimulator.Build.0 = Release|x86
		{7801D882-365B-4038-914B-6E55661E6E9D}.AppStore|iPhoneSimulator.Deploy.0 = Release|x86
		{7801D882-365B-4038-914B-6E55661E6E9D}.AppStore|x64.ActiveCfg = Release|x64
		{7801D882-365B-4038-914B-6E55661E6E9D}.AppStore|x64.Build.0 = Release|x64
		{7801D882-365B-4038-914B-6E55661E6E9D}.AppStore|x64.Deploy.0 = Release|x64
		{7801D882-365B-4038-914B-6E55661E6E9D}.AppStore|x86.ActiveCfg = Release|x86
		{7801D882-365B-4038-914B-6E55661E6E9D}.AppStore|x86.Build.0 = Release|x86
		{7801D882-365B-4038-914B-6E55661E6E9D}.AppStore|x86.Deploy.0 = Release|x86
		{7801D882-365B-4038-914B-6E55661E6E9D}.Debug|Any CPU.ActiveCfg = Debug|x86
		{7801D882-365B-4038-914B-6E55661E6E9D}.Debug|Any CPU.Build.0 = Debug|x86
		{7801D882-365B-4038-914B-6E55661E6E9D}.Debug|Any CPU.Deploy.0 = Debug|x86
		{7801D882-365B-4038-914B-6E55661E6E9D}.Debug|ARM.ActiveCfg = Debug|ARM
		{7801D882-365B-4038-914B-6E55661E6E9D}.Debug|ARM.Build.0 = Debug|ARM
		{7801D882-365B-4038-914B-6E55661E6E9D}.Debug|ARM.Deploy.0 = Debug|ARM
		{7801D882-365B-4038-914B-6E55661E6E9D}.Debug|iPhone.ActiveCfg = Debug|x86
		{7801D882-365B-4038-914B-6E55661E6E9D}.Debug|iPhone.Build.0 = Debug|x86
		{7801D882-365B-4038-914B-6E55661E6E9D}.Debug|iPhone.Deploy.0 = Debug|x86
		{7801D882-365B-4038-914B-6E55661E6E9D}.Debug|iPhoneSimulator.ActiveCfg = Debug|x86
		{7801D882-365B-4038-914B-6E55661E6E9D}.Debug|iPhoneSimulator.Build.0 = Debug|x86
		{7801D882-365B-4038-914B-6E55661E6E9D}.Debug|iPhoneSimulator.Deploy.0 = Debug|x86
		{7801D882-365B-4038-914B-6E55661E6E9D}.Debug|x64.ActiveCfg = Debug|x64
		{7801D882-365B-4038-914B-6E55661E6E9D}.Debug|x64.Build.0 = Debug|x64
		{7801D882-365B-4038-914B-6E55661E6E9D}.Debug|x64.Deploy.0 = Debug|x64
		{7801D882-365B-4038-914B-6E55661E6E9D}.Debug|x86.ActiveCfg = Debug|x86
		{7801D882-365B-4038-914B-6E55661E6E9D}.Debug|x86.Build.0 = Debug|x86
		{7801D882-365B-4038-914B-6E55661E6E9D}.Debug|x86.Deploy.0 = Debug|x86
		{7801D882-365B-4038-914B-6E55661E6E9D}.Release|Any CPU.ActiveCfg = Release|x86
		{7801D882-365B-4038-914B-6E55661E6E9D}.Release|Any CPU.Build.0 = Release|x86
		{7801D882-365B-4038-914B-6E55661E6E9D}.Release|Any CPU.Deploy.0 = Release|x86
		{7801D882-365B-4038-914B-6E55661E6E9D}.Release|ARM.ActiveCfg = Release|ARM
		{7801D882-365B-4038-914B-6E55661E6E9D}.Release|ARM.Build.0 = Release|ARM
		{7801D882-365B-4038-914B-6E55661E6E9D}.Release|ARM.Deploy.0 = Release|ARM
		{7801D882-365B-4038-914B-6E55661E6E9D}.Release|iPhone.ActiveCfg = Release|x86
		{7801D882-365B-4038-914B-6E55661E6E9D}.Release|iPhone.Build.0 = Release|x86
		{7801D882-365B-4038-914B-6E55661E6E9D}.Release|iPhone.Deploy.0 = Release|x86
		{7801D882-365B-4038-914B-6E55661E6E9D}.Release|iPhoneSimulator.ActiveCfg = Release|x86
		{7801D882-365B-4038-914B-6E55661E6E9D}.Release|iPhoneSimulator.Build.0 = Release|x86
		{7801D882-365B-4038-914B-6E55661E6E9D}.Release|iPhoneSimulator.Deploy.0 = Release|x86
		{7801D882-365B-4038-914B-6E55661E6E9D}.Release|x64.ActiveCfg = Release|x64
		{7801D882-365B-4038-914B-6E55661E6E9D}.Release|x64.Build.0 = Release|x64
		{7801D882-365B-4038-914B-6E55661E6E9D}.Release|x64.Deploy.0 = Release|x64
		{7801D882-365B-4038-914B-6E55661E6E9D}.Release|x86.ActiveCfg = Release|x86
		{7801D882-365B-4038-914B-6E55661E6E9D}.Release|x86.Build.0 = Release|x86
		{7801D882-365B-4038-914B-6E55661E6E9D}.Release|x86.Deploy.0 = Release|x86
		{E586EC1A-7E63-466F-8205-5D612090788C}.Ad-Hoc|Any CPU.ActiveCfg = Debug|Any CPU
		{E586EC1A-7E63-466F-8205-5D612090788C}.Ad-Hoc|Any CPU.Build.0 = Debug|Any CPU
		{E586EC1A-7E63-466F-8205-5D612090788C}.Ad-Hoc|Any CPU.Deploy.0 = Debug|Any CPU
		{E586EC1A-7E63-466F-8205-5D612090788C}.Ad-Hoc|ARM.ActiveCfg = Debug|Any CPU
		{E586EC1A-7E63-466F-8205-5D612090788C}.Ad-Hoc|ARM.Build.0 = Debug|Any CPU
		{E586EC1A-7E63-466F-8205-5D612090788C}.Ad-Hoc|ARM.Deploy.0 = Debug|Any CPU
		{E586EC1A-7E63-466F-8205-5D612090788C}.Ad-Hoc|iPhone.ActiveCfg = Debug|Any CPU
		{E586EC1A-7E63-466F-8205-5D612090788C}.Ad-Hoc|iPhone.Build.0 = Debug|Any CPU
		{E586EC1A-7E63-466F-8205-5D612090788C}.Ad-Hoc|iPhone.Deploy.0 = Debug|Any CPU
		{E586EC1A-7E63-466F-8205-5D612090788C}.Ad-Hoc|iPhoneSimulator.ActiveCfg = Debug|Any CPU
		{E586EC1A-7E63-466F-8205-5D612090788C}.Ad-Hoc|iPhoneSimulator.Build.0 = Debug|Any CPU
		{E586EC1A-7E63-466F-8205-5D612090788C}.Ad-Hoc|iPhoneSimulator.Deploy.0 = Debug|Any CPU
		{E586EC1A-7E63-466F-8205-5D612090788C}.Ad-Hoc|x64.ActiveCfg = Debug|Any CPU
		{E586EC1A-7E63-466F-8205-5D612090788C}.Ad-Hoc|x64.Build.0 = Debug|Any CPU
		{E586EC1A-7E63-466F-8205-5D612090788C}.Ad-Hoc|x64.Deploy.0 = Debug|Any CPU
		{E586EC1A-7E63-466F-8205-5D612090788C}.Ad-Hoc|x86.ActiveCfg = Debug|Any CPU
		{E586EC1A-7E63-466F-8205-5D612090788C}.Ad-Hoc|x86.Build.0 = Debug|Any CPU
		{E586EC1A-7E63-466F-8205-5D612090788C}.Ad-Hoc|x86.Deploy.0 = Debug|Any CPU
		{E586EC1A-7E63-466F-8205-5D612090788C}.AppStore|Any CPU.ActiveCfg = Debug|Any CPU
		{E586EC1A-7E63-466F-8205-5D612090788C}.AppStore|Any CPU.Build.0 = Debug|Any CPU
		{E586EC1A-7E63-466F-8205-5D612090788C}.AppStore|Any CPU.Deploy.0 = Debug|Any CPU
		{E586EC1A-7E63-466F-8205-5D612090788C}.AppStore|ARM.ActiveCfg = Debug|Any CPU
		{E586EC1A-7E63-466F-8205-5D612090788C}.AppStore|ARM.Build.0 = Debug|Any CPU
		{E586EC1A-7E63-466F-8205-5D612090788C}.AppStore|ARM.Deploy.0 = Debug|Any CPU
		{E586EC1A-7E63-466F-8205-5D612090788C}.AppStore|iPhone.ActiveCfg = Debug|Any CPU
		{E586EC1A-7E63-466F-8205-5D612090788C}.AppStore|iPhone.Build.0 = Debug|Any CPU
		{E586EC1A-7E63-466F-8205-5D612090788C}.AppStore|iPhone.Deploy.0 = Debug|Any CPU
		{E586EC1A-7E63-466F-8205-5D612090788C}.AppStore|iPhoneSimulator.ActiveCfg = Debug|Any CPU
		{E586EC1A-7E63-466F-8205-5D612090788C}.AppStore|iPhoneSimulator.Build.0 = Debug|Any CPU
		{E586EC1A-7E63-466F-8205-5D612090788C}.AppStore|iPhoneSimulator.Deploy.0 = Debug|Any CPU
		{E586EC1A-7E63-466F-8205-5D612090788C}.AppStore|x64.ActiveCfg = Debug|Any CPU
		{E586EC1A-7E63-466F-8205-5D612090788C}.AppStore|x64.Build.0 = Debug|Any CPU
		{E586EC1A-7E63-466F-8205-5D612090788C}.AppStore|x64.Deploy.0 = Debug|Any CPU
		{E586EC1A-7E63-466F-8205-5D612090788C}.AppStore|x86.ActiveCfg = Debug|Any CPU
		{E586EC1A-7E63-466F-8205-5D612090788C}.AppStore|x86.Build.0 = Debug|Any CPU
		{E586EC1A-7E63-466F-8205-5D612090788C}.AppStore|x86.Deploy.0 = Debug|Any CPU
		{E586EC1A-7E63-466F-8205-5D612090788C}.Debug|Any CPU.ActiveCfg = Debug|Any CPU
		{E586EC1A-7E63-466F-8205-5D612090788C}.Debug|Any CPU.Build.0 = Debug|Any CPU
		{E586EC1A-7E63-466F-8205-5D612090788C}.Debug|Any CPU.Deploy.0 = Debug|Any CPU
		{E586EC1A-7E63-466F-8205-5D612090788C}.Debug|ARM.ActiveCfg = Debug|Any CPU
		{E586EC1A-7E63-466F-8205-5D612090788C}.Debug|ARM.Build.0 = Debug|Any CPU
		{E586EC1A-7E63-466F-8205-5D612090788C}.Debug|ARM.Deploy.0 = Debug|Any CPU
		{E586EC1A-7E63-466F-8205-5D612090788C}.Debug|iPhone.ActiveCfg = Debug|Any CPU
		{E586EC1A-7E63-466F-8205-5D612090788C}.Debug|iPhone.Build.0 = Debug|Any CPU
		{E586EC1A-7E63-466F-8205-5D612090788C}.Debug|iPhone.Deploy.0 = Debug|Any CPU
		{E586EC1A-7E63-466F-8205-5D612090788C}.Debug|iPhoneSimulator.ActiveCfg = Debug|Any CPU
		{E586EC1A-7E63-466F-8205-5D612090788C}.Debug|iPhoneSimulator.Build.0 = Debug|Any CPU
		{E586EC1A-7E63-466F-8205-5D612090788C}.Debug|iPhoneSimulator.Deploy.0 = Debug|Any CPU
		{E586EC1A-7E63-466F-8205-5D612090788C}.Debug|x64.ActiveCfg = Debug|Any CPU
		{E586EC1A-7E63-466F-8205-5D612090788C}.Debug|x64.Build.0 = Debug|Any CPU
		{E586EC1A-7E63-466F-8205-5D612090788C}.Debug|x64.Deploy.0 = Debug|Any CPU
		{E586EC1A-7E63-466F-8205-5D612090788C}.Debug|x86.ActiveCfg = Debug|Any CPU
		{E586EC1A-7E63-466F-8205-5D612090788C}.Debug|x86.Build.0 = Debug|Any CPU
		{E586EC1A-7E63-466F-8205-5D612090788C}.Debug|x86.Deploy.0 = Debug|Any CPU
		{E586EC1A-7E63-466F-8205-5D612090788C}.Release|Any CPU.ActiveCfg = Release|Any CPU
		{E586EC1A-7E63-466F-8205-5D612090788C}.Release|Any CPU.Build.0 = Release|Any CPU
		{E586EC1A-7E63-466F-8205-5D612090788C}.Release|Any CPU.Deploy.0 = Release|Any CPU
		{E586EC1A-7E63-466F-8205-5D612090788C}.Release|ARM.ActiveCfg = Release|Any CPU
		{E586EC1A-7E63-466F-8205-5D612090788C}.Release|ARM.Build.0 = Release|Any CPU
		{E586EC1A-7E63-466F-8205-5D612090788C}.Release|ARM.Deploy.0 = Release|Any CPU
		{E586EC1A-7E63-466F-8205-5D612090788C}.Release|iPhone.ActiveCfg = Release|Any CPU
		{E586EC1A-7E63-466F-8205-5D612090788C}.Release|iPhone.Build.0 = Release|Any CPU
		{E586EC1A-7E63-466F-8205-5D612090788C}.Release|iPhone.Deploy.0 = Release|Any CPU
		{E586EC1A-7E63-466F-8205-5D612090788C}.Release|iPhoneSimulator.ActiveCfg = Release|Any CPU
		{E586EC1A-7E63-466F-8205-5D612090788C}.Release|iPhoneSimulator.Build.0 = Release|Any CPU
		{E586EC1A-7E63-466F-8205-5D612090788C}.Release|iPhoneSimulator.Deploy.0 = Release|Any CPU
		{E586EC1A-7E63-466F-8205-5D612090788C}.Release|x64.ActiveCfg = Release|Any CPU
		{E586EC1A-7E63-466F-8205-5D612090788C}.Release|x64.Build.0 = Release|Any CPU
		{E586EC1A-7E63-466F-8205-5D612090788C}.Release|x64.Deploy.0 = Release|Any CPU
		{E586EC1A-7E63-466F-8205-5D612090788C}.Release|x86.ActiveCfg = Release|Any CPU
		{E586EC1A-7E63-466F-8205-5D612090788C}.Release|x86.Build.0 = Release|Any CPU
		{E586EC1A-7E63-466F-8205-5D612090788C}.Release|x86.Deploy.0 = Release|Any CPU
	EndGlobalSection
	GlobalSection(SolutionProperties) = preSolution
		HideSolutionNode = FALSE
	EndGlobalSection
	GlobalSection(ExtensibilityGlobals) = postSolution
		SolutionGuid = {B3E537F2-D6CE-4ACD-BFEF-D949B26EE5A9}
	EndGlobalSection
EndGlobal
